// !$*UTF8*$!
{
	archiveVersion = 1;
	classes = {
	};
	objectVersion = 56;
	objects = {

/* Begin PBXBuildFile section */
		DCE1D67B2C4184C800CAEAB2 /* AppDelegate.swift in Sources */ = {isa = PBXBuildFile; fileRef = DCE1D67A2C4184C800CAEAB2 /* AppDelegate.swift */; };
		DCE1D67D2C4184C800CAEAB2 /* SceneDelegate.swift in Sources */ = {isa = PBXBuildFile; fileRef = DCE1D67C2C4184C800CAEAB2 /* SceneDelegate.swift */; };
		DCE1D67F2C4184C800CAEAB2 /* TaskListViewController.swift in Sources */ = {isa = PBXBuildFile; fileRef = DCE1D67E2C4184C800CAEAB2 /* TaskListViewController.swift */; };
		DCE1D6852C4184C800CAEAB2 /* TaskListApp.xcdatamodeld in Sources */ = {isa = PBXBuildFile; fileRef = DCE1D6832C4184C800CAEAB2 /* TaskListApp.xcdatamodeld */; };
		DCE1D6872C4184CA00CAEAB2 /* Assets.xcassets in Resources */ = {isa = PBXBuildFile; fileRef = DCE1D6862C4184CA00CAEAB2 /* Assets.xcassets */; };
		DCE1D68A2C4184CA00CAEAB2 /* LaunchScreen.storyboard in Resources */ = {isa = PBXBuildFile; fileRef = DCE1D6882C4184CA00CAEAB2 /* LaunchScreen.storyboard */; };
		DCE1D6942C41C27D00CAEAB2 /* NewTaskViewController.swift in Sources */ = {isa = PBXBuildFile; fileRef = DCE1D6932C41C27D00CAEAB2 /* NewTaskViewController.swift */; };
		DCE1D6962C42990400CAEAB2 /* FilledButtonFactory.swift in Sources */ = {isa = PBXBuildFile; fileRef = DCE1D6952C42990400CAEAB2 /* FilledButtonFactory.swift */; };
/* End PBXBuildFile section */

/* Begin PBXFileReference section */
		DCE1D6772C4184C800CAEAB2 /* TaskListApp.app */ = {isa = PBXFileReference; explicitFileType = wrapper.application; includeInIndex = 0; path = TaskListApp.app; sourceTree = BUILT_PRODUCTS_DIR; };
		DCE1D67A2C4184C800CAEAB2 /* AppDelegate.swift */ = {isa = PBXFileReference; lastKnownFileType = sourcecode.swift; path = AppDelegate.swift; sourceTree = "<group>"; };
		DCE1D67C2C4184C800CAEAB2 /* SceneDelegate.swift */ = {isa = PBXFileReference; lastKnownFileType = sourcecode.swift; path = SceneDelegate.swift; sourceTree = "<group>"; };
		DCE1D67E2C4184C800CAEAB2 /* TaskListViewController.swift */ = {isa = PBXFileReference; lastKnownFileType = sourcecode.swift; path = TaskListViewController.swift; sourceTree = "<group>"; };
		DCE1D6842C4184C800CAEAB2 /* TaskListApp.xcdatamodel */ = {isa = PBXFileReference; lastKnownFileType = wrapper.xcdatamodel; path = TaskListApp.xcdatamodel; sourceTree = "<group>"; };
		DCE1D6862C4184CA00CAEAB2 /* Assets.xcassets */ = {isa = PBXFileReference; lastKnownFileType = folder.assetcatalog; path = Assets.xcassets; sourceTree = "<group>"; };
		DCE1D6892C4184CA00CAEAB2 /* Base */ = {isa = PBXFileReference; lastKnownFileType = file.storyboard; name = Base; path = Base.lproj/LaunchScreen.storyboard; sourceTree = "<group>"; };
		DCE1D68B2C4184CA00CAEAB2 /* Info.plist */ = {isa = PBXFileReference; lastKnownFileType = text.plist.xml; path = Info.plist; sourceTree = "<group>"; };
		DCE1D6932C41C27D00CAEAB2 /* NewTaskViewController.swift */ = {isa = PBXFileReference; lastKnownFileType = sourcecode.swift; path = NewTaskViewController.swift; sourceTree = "<group>"; };
		DCE1D6952C42990400CAEAB2 /* FilledButtonFactory.swift */ = {isa = PBXFileReference; lastKnownFileType = sourcecode.swift; path = FilledButtonFactory.swift; sourceTree = "<group>"; };
/* End PBXFileReference section */

/* Begin PBXFrameworksBuildPhase section */
		DCE1D6742C4184C800CAEAB2 /* Frameworks */ = {
			isa = PBXFrameworksBuildPhase;
			buildActionMask = 2147483647;
			files = (
			);
			runOnlyForDeploymentPostprocessing = 0;
		};
/* End PBXFrameworksBuildPhase section */

/* Begin PBXGroup section */
		DCE1D66E2C4184C800CAEAB2 = {
			isa = PBXGroup;
			children = (
				DCE1D6952C42990400CAEAB2 /* FilledButtonFactory.swift */,
				DCE1D6792C4184C800CAEAB2 /* TaskListApp */,
				DCE1D6782C4184C800CAEAB2 /* Products */,
			);
			sourceTree = "<group>";
		};
		DCE1D6782C4184C800CAEAB2 /* Products */ = {
			isa = PBXGroup;
			children = (
				DCE1D6772C4184C800CAEAB2 /* TaskListApp.app */,
			);
			name = Products;
			sourceTree = "<group>";
		};
		DCE1D6792C4184C800CAEAB2 /* TaskListApp */ = {
			isa = PBXGroup;
			children = (
				DCE1D6912C41852C00CAEAB2 /* Application */,
				DCE1D6922C41854000CAEAB2 /* Controller */,
				DCE1D6862C4184CA00CAEAB2 /* Assets.xcassets */,
				DCE1D6882C4184CA00CAEAB2 /* LaunchScreen.storyboard */,
				DCE1D68B2C4184CA00CAEAB2 /* Info.plist */,
				DCE1D6832C4184C800CAEAB2 /* TaskListApp.xcdatamodeld */,
			);
			path = TaskListApp;
			sourceTree = "<group>";
		};
		DCE1D6912C41852C00CAEAB2 /* Application */ = {
			isa = PBXGroup;
			children = (
				DCE1D67A2C4184C800CAEAB2 /* AppDelegate.swift */,
				DCE1D67C2C4184C800CAEAB2 /* SceneDelegate.swift */,
			);
			path = Application;
			sourceTree = "<group>";
		};
		DCE1D6922C41854000CAEAB2 /* Controller */ = {
			isa = PBXGroup;
			children = (
				DCE1D67E2C4184C800CAEAB2 /* TaskListViewController.swift */,
				DCE1D6932C41C27D00CAEAB2 /* NewTaskViewController.swift */,
			);
			path = Controller;
			sourceTree = "<group>";
		};
/* End PBXGroup section */

/* Begin PBXNativeTarget section */
		DCE1D6762C4184C800CAEAB2 /* TaskListApp */ = {
			isa = PBXNativeTarget;
			buildConfigurationList = DCE1D68E2C4184CA00CAEAB2 /* Build configuration list for PBXNativeTarget "TaskListApp" */;
			buildPhases = (
				DCE1D6732C4184C800CAEAB2 /* Sources */,
				DCE1D6742C4184C800CAEAB2 /* Frameworks */,
				DCE1D6752C4184C800CAEAB2 /* Resources */,
			);
			buildRules = (
			);
			dependencies = (
			);
			name = TaskListApp;
			productName = TaskListApp;
			productReference = DCE1D6772C4184C800CAEAB2 /* TaskListApp.app */;
			productType = "com.apple.product-type.application";
		};
/* End PBXNativeTarget section */

/* Begin PBXProject section */
		DCE1D66F2C4184C800CAEAB2 /* Project object */ = {
			isa = PBXProject;
			attributes = {
				BuildIndependentTargetsInParallel = 1;
				LastSwiftUpdateCheck = 1500;
				LastUpgradeCheck = 1500;
				TargetAttributes = {
					DCE1D6762C4184C800CAEAB2 = {
						CreatedOnToolsVersion = 15.0.1;
					};
				};
			};
			buildConfigurationList = DCE1D6722C4184C800CAEAB2 /* Build configuration list for PBXProject "TaskListApp" */;
			compatibilityVersion = "Xcode 14.0";
			developmentRegion = en;
			hasScannedForEncodings = 0;
			knownRegions = (
				en,
				Base,
			);
			mainGroup = DCE1D66E2C4184C800CAEAB2;
			productRefGroup = DCE1D6782C4184C800CAEAB2 /* Products */;
			projectDirPath = "";
			projectRoot = "";
			targets = (
				DCE1D6762C4184C800CAEAB2 /* TaskListApp */,
			);
		};
/* End PBXProject section */

/* Begin PBXResourcesBuildPhase section */
		DCE1D6752C4184C800CAEAB2 /* Resources */ = {
			isa = PBXResourcesBuildPhase;
			buildActionMask = 2147483647;
			files = (
				DCE1D68A2C4184CA00CAEAB2 /* LaunchScreen.storyboard in Resources */,
				DCE1D6872C4184CA00CAEAB2 /* Assets.xcassets in Resources */,
			);
			runOnlyForDeploymentPostprocessing = 0;
		};
/* End PBXResourcesBuildPhase section */

/* Begin PBXSourcesBuildPhase section */
		DCE1D6732C4184C800CAEAB2 /* Sources */ = {
			isa = PBXSourcesBuildPhase;
			buildActionMask = 2147483647;
			files = (
				DCE1D6852C4184C800CAEAB2 /* TaskListApp.xcdatamodeld in Sources */,
				DCE1D6942C41C27D00CAEAB2 /* NewTaskViewController.swift in Sources */,
				DCE1D6962C42990400CAEAB2 /* FilledButtonFactory.swift in Sources */,
				DCE1D67F2C4184C800CAEAB2 /* TaskListViewController.swift in Sources */,
				DCE1D67B2C4184C800CAEAB2 /* AppDelegate.swift in Sources */,
				DCE1D67D2C4184C800CAEAB2 /* SceneDelegate.swift in Sources */,
			);
			runOnlyForDeploymentPostprocessing = 0;
		};
/* End PBXSourcesBuildPhase section */

/* Begin PBXVariantGroup section */
		DCE1D6882C4184CA00CAEAB2 /* LaunchScreen.storyboard */ = {
			isa = PBXVariantGroup;
			children = (
				DCE1D6892C4184CA00CAEAB2 /* Base */,
			);
			name = LaunchScreen.storyboard;
			sourceTree = "<group>";
		};
/* End PBXVariantGroup section */

/* Begin XCBuildConfiguration section */
		DCE1D68C2C4184CA00CAEAB2 /* Debug */ = {
			isa = XCBuildConfiguration;
			buildSettings = {
				ALWAYS_SEARCH_USER_PATHS = NO;
				ASSETCATALOG_COMPILER_GENERATE_SWIFT_ASSET_SYMBOL_EXTENSIONS = YES;
				CLANG_ANALYZER_NONNULL = YES;
				CLANG_ANALYZER_NUMBER_OBJECT_CONVERSION = YES_AGGRESSIVE;
				CLANG_CXX_LANGUAGE_STANDARD = "gnu++20";
				CLANG_ENABLE_MODULES = YES;
				CLANG_ENABLE_OBJC_ARC = YES;
				CLANG_ENABLE_OBJC_WEAK = YES;
				CLANG_WARN_BLOCK_CAPTURE_AUTORELEASING = YES;
				CLANG_WARN_BOOL_CONVERSION = YES;
				CLANG_WARN_COMMA = YES;
				CLANG_WARN_CONSTANT_CONVERSION = YES;
				CLANG_WARN_DEPRECATED_OBJC_IMPLEMENTATIONS = YES;
				CLANG_WARN_DIRECT_OBJC_ISA_USAGE = YES_ERROR;
				CLANG_WARN_DOCUMENTATION_COMMENTS = YES;
				CLANG_WARN_EMPTY_BODY = YES;
				CLANG_WARN_ENUM_CONVERSION = YES;
				CLANG_WARN_INFINITE_RECURSION = YES;
				CLANG_WARN_INT_CONVERSION = YES;
				CLANG_WARN_NON_LITERAL_NULL_CONVERSION = YES;
				CLANG_WARN_OBJC_IMPLICIT_RETAIN_SELF = YES;
				CLANG_WARN_OBJC_LITERAL_CONVERSION = YES;
				CLANG_WARN_OBJC_ROOT_CLASS = YES_ERROR;
				CLANG_WARN_QUOTED_INCLUDE_IN_FRAMEWORK_HEADER = YES;
				CLANG_WARN_RANGE_LOOP_ANALYSIS = YES;
				CLANG_WARN_STRICT_PROTOTYPES = YES;
				CLANG_WARN_SUSPICIOUS_MOVE = YES;
				CLANG_WARN_UNGUARDED_AVAILABILITY = YES_AGGRESSIVE;
				CLANG_WARN_UNREACHABLE_CODE = YES;
				CLANG_WARN__DUPLICATE_METHOD_MATCH = YES;
				COPY_PHASE_STRIP = NO;
				DEBUG_INFORMATION_FORMAT = dwarf;
				ENABLE_STRICT_OBJC_MSGSEND = YES;
				ENABLE_TESTABILITY = YES;
				ENABLE_USER_SCRIPT_SANDBOXING = YES;
				GCC_C_LANGUAGE_STANDARD = gnu17;
				GCC_DYNAMIC_NO_PIC = NO;
				GCC_NO_COMMON_BLOCKS = YES;
				GCC_OPTIMIZATION_LEVEL = 0;
				GCC_PREPROCESSOR_DEFINITIONS = (
					"DEBUG=1",
					"$(inherited)",
				);
				GCC_WARN_64_TO_32_BIT_CONVERSION = YES;
				GCC_WARN_ABOUT_RETURN_TYPE = YES_ERROR;
				GCC_WARN_UNDECLARED_SELECTOR = YES;
				GCC_WARN_UNINITIALIZED_AUTOS = YES_AGGRESSIVE;
				GCC_WARN_UNUSED_FUNCTION = YES;
				GCC_WARN_UNUSED_VARIABLE = YES;
				IPHONEOS_DEPLOYMENT_TARGET = 17.0;
				LOCALIZATION_PREFERS_STRING_CATALOGS = YES;
				MTL_ENABLE_DEBUG_INFO = INCLUDE_SOURCE;
				MTL_FAST_MATH = YES;
				ONLY_ACTIVE_ARCH = YES;
				SDKROOT = iphoneos;
				SWIFT_ACTIVE_COMPILATION_CONDITIONS = "DEBUG $(inherited)";
				SWIFT_OPTIMIZATION_LEVEL = "-Onone";
			};
			name = Debug;
		};
		DCE1D68D2C4184CA00CAEAB2 /* Release */ = {
			isa = XCBuildConfiguration;
			buildSettings = {
				ALWAYS_SEARCH_USER_PATHS = NO;
				ASSETCATALOG_COMPILER_GENERATE_SWIFT_ASSET_SYMBOL_EXTENSIONS = YES;
				CLANG_ANALYZER_NONNULL = YES;
				CLANG_ANALYZER_NUMBER_OBJECT_CONVERSION = YES_AGGRESSIVE;
				CLANG_CXX_LANGUAGE_STANDARD = "gnu++20";
				CLANG_ENABLE_MODULES = YES;
				CLANG_ENABLE_OBJC_ARC = YES;
				CLANG_ENABLE_OBJC_WEAK = YES;
				CLANG_WARN_BLOCK_CAPTURE_AUTORELEASING = YES;
				CLANG_WARN_BOOL_CONVERSION = YES;
				CLANG_WARN_COMMA = YES;
				CLANG_WARN_CONSTANT_CONVERSION = YES;
				CLANG_WARN_DEPRECATED_OBJC_IMPLEMENTATIONS = YES;
				CLANG_WARN_DIRECT_OBJC_ISA_USAGE = YES_ERROR;
				CLANG_WARN_DOCUMENTATION_COMMENTS = YES;
				CLANG_WARN_EMPTY_BODY = YES;
				CLANG_WARN_ENUM_CONVERSION = YES;
				CLANG_WARN_INFINITE_RECURSION = YES;
				CLANG_WARN_INT_CONVERSION = YES;
				CLANG_WARN_NON_LITERAL_NULL_CONVERSION = YES;
				CLANG_WARN_OBJC_IMPLICIT_RETAIN_SELF = YES;
				CLANG_WARN_OBJC_LITERAL_CONVERSION = YES;
				CLANG_WARN_OBJC_ROOT_CLASS = YES_ERROR;
				CLANG_WARN_QUOTED_INCLUDE_IN_FRAMEWORK_HEADER = YES;
				CLANG_WARN_RANGE_LOOP_ANALYSIS = YES;
				CLANG_WARN_STRICT_PROTOTYPES = YES;
				CLANG_WARN_SUSPICIOUS_MOVE = YES;
				CLANG_WARN_UNGUARDED_AVAILABILITY = YES_AGGRESSIVE;
				CLANG_WARN_UNREACHABLE_CODE = YES;
				CLANG_WARN__DUPLICATE_METHOD_MATCH = YES;
				COPY_PHASE_STRIP = NO;
				DEBUG_INFORMATION_FORMAT = "dwarf-with-dsym";
				ENABLE_NS_ASSERTIONS = NO;
				ENABLE_STRICT_OBJC_MSGSEND = YES;
				ENABLE_USER_SCRIPT_SANDBOXING = YES;
				GCC_C_LANGUAGE_STANDARD = gnu17;
				GCC_NO_COMMON_BLOCKS = YES;
				GCC_WARN_64_TO_32_BIT_CONVERSION = YES;
				GCC_WARN_ABOUT_RETURN_TYPE = YES_ERROR;
				GCC_WARN_UNDECLARED_SELECTOR = YES;
				GCC_WARN_UNINITIALIZED_AUTOS = YES_AGGRESSIVE;
				GCC_WARN_UNUSED_FUNCTION = YES;
				GCC_WARN_UNUSED_VARIABLE = YES;
				IPHONEOS_DEPLOYMENT_TARGET = 17.0;
				LOCALIZATION_PREFERS_STRING_CATALOGS = YES;
				MTL_ENABLE_DEBUG_INFO = NO;
				MTL_FAST_MATH = YES;
				SDKROOT = iphoneos;
				SWIFT_COMPILATION_MODE = wholemodule;
				VALIDATE_PRODUCT = YES;
			};
			name = Release;
		};
		DCE1D68F2C4184CA00CAEAB2 /* Debug */ = {
			isa = XCBuildConfiguration;
			buildSettings = {
				ASSETCATALOG_COMPILER_APPICON_NAME = AppIcon;
				ASSETCATALOG_COMPILER_GLOBAL_ACCENT_COLOR_NAME = AccentColor;
				CODE_SIGN_STYLE = Automatic;
				CURRENT_PROJECT_VERSION = 1;
				DEVELOPMENT_TEAM = 77YH724CV2;
				GENERATE_INFOPLIST_FILE = YES;
				INFOPLIST_FILE = TaskListApp/Info.plist;
				INFOPLIST_KEY_UIApplicationSupportsIndirectInputEvents = YES;
				INFOPLIST_KEY_UILaunchStoryboardName = LaunchScreen;
				INFOPLIST_KEY_UIStatusBarStyle = UIStatusBarStyleLightContent;
				INFOPLIST_KEY_UISupportedInterfaceOrientations = UIInterfaceOrientationPortrait;
				INFOPLIST_KEY_UISupportedInterfaceOrientations_iPad = "UIInterfaceOrientationLandscapeLeft UIInterfaceOrientationLandscapeRight UIInterfaceOrientationPortrait UIInterfaceOrientationPortraitUpsideDown";
				LD_RUNPATH_SEARCH_PATHS = (
					"$(inherited)",
					"@executable_path/Frameworks",
				);
				MARKETING_VERSION = 1.0;
				PRODUCT_BUNDLE_IDENTIFIER = com.zakurakin.TaskListApp;
				PRODUCT_NAME = "$(TARGET_NAME)";
				SUPPORTED_PLATFORMS = "iphoneos iphonesimulator";
				SUPPORTS_MACCATALYST = NO;
				SUPPORTS_MAC_DESIGNED_FOR_IPHONE_IPAD = NO;
				SWIFT_EMIT_LOC_STRINGS = YES;
				SWIFT_VERSION = 5.0;
				TARGETED_DEVICE_FAMILY = 1;
			};
			name = Debug;
		};
		DCE1D6902C4184CA00CAEAB2 /* Release */ = {
			isa = XCBuildConfiguration;
			buildSettings = {
				ASSETCATALOG_COMPILER_APPICON_NAME = AppIcon;
				ASSETCATALOG_COMPILER_GLOBAL_ACCENT_COLOR_NAME = AccentColor;
				CODE_SIGN_STYLE = Automatic;
				CURRENT_PROJECT_VERSION = 1;
				DEVELOPMENT_TEAM = 77YH724CV2;
				GENERATE_INFOPLIST_FILE = YES;
				INFOPLIST_FILE = TaskListApp/Info.plist;
				INFOPLIST_KEY_UIApplicationSupportsIndirectInputEvents = YES;
				INFOPLIST_KEY_UILaunchStoryboardName = LaunchScreen;
				INFOPLIST_KEY_UIStatusBarStyle = UIStatusBarStyleLightContent;
				INFOPLIST_KEY_UISupportedInterfaceOrientations = UIInterfaceOrientationPortrait;
				INFOPLIST_KEY_UISupportedInterfaceOrientations_iPad = "UIInterfaceOrientationLandscapeLeft UIInterfaceOrientationLandscapeRight UIInterfaceOrientationPortrait UIInterfaceOrientationPortraitUpsideDown";
				LD_RUNPATH_SEARCH_PATHS = (
					"$(inherited)",
					"@executable_path/Frameworks",
				);
				MARKETING_VERSION = 1.0;
				PRODUCT_BUNDLE_IDENTIFIER = com.zakurakin.TaskListApp;
				PRODUCT_NAME = "$(TARGET_NAME)";
				SUPPORTED_PLATFORMS = "iphoneos iphonesimulator";
				SUPPORTS_MACCATALYST = NO;
				SUPPORTS_MAC_DESIGNED_FOR_IPHONE_IPAD = NO;
				SWIFT_EMIT_LOC_STRINGS = YES;
				SWIFT_VERSION = 5.0;
				TARGETED_DEVICE_FAMILY = 1;
			};
			name = Release;
		};
/* End XCBuildConfiguration section */

/* Begin XCConfigurationList section */
		DCE1D6722C4184C800CAEAB2 /* Build configuration list for PBXProject "TaskListApp" */ = {
			isa = XCConfigurationList;
			buildConfigurations = (
				DCE1D68C2C4184CA00CAEAB2 /* Debug */,
				DCE1D68D2C4184CA00CAEAB2 /* Release */,
			);
			defaultConfigurationIsVisible = 0;
			defaultConfigurationName = Release;
		};
		DCE1D68E2C4184CA00CAEAB2 /* Build configuration list for PBXNativeTarget "TaskListApp" */ = {
			isa = XCConfigurationList;
			buildConfigurations = (
				DCE1D68F2C4184CA00CAEAB2 /* Debug */,
				DCE1D6902C4184CA00CAEAB2 /* Release */,
			);
			defaultConfigurationIsVisible = 0;
			defaultConfigurationName = Release;
		};
/* End XCConfigurationList section */

/* Begin XCVersionGroup section */
		DCE1D6832C4184C800CAEAB2 /* TaskListApp.xcdatamodeld */ = {
			isa = XCVersionGroup;
			children = (
				DCE1D6842C4184C800CAEAB2 /* TaskListApp.xcdatamodel */,
			);
			currentVersion = DCE1D6842C4184C800CAEAB2 /* TaskListApp.xcdatamodel */;
			path = TaskListApp.xcdatamodeld;
			sourceTree = "<group>";
			versionGroupType = wrapper.xcdatamodel;
		};
/* End XCVersionGroup section */
	};
	rootObject = DCE1D66F2C4184C800CAEAB2 /* Project object */;
}
